
Microsoft Visual Studio Solution File, Format Version 12.00
# Visual Studio 2012
Project("{FAE04EC0-301F-11D3-BF4B-00C04F79EFBC}") = "mobile_prac", "mobile_prac\mobile_prac.csproj", "{0619B505-E939-4C1E-8DB0-65BC49795855}"
EndProject
Global
	GlobalSection(SolutionConfigurationPlatforms) = preSolution
		Debug|iPhoneSimulator = Debug|iPhoneSimulator
		Release|iPhone = Release|iPhone
		Release|iPhoneSimulator = Release|iPhoneSimulator
		Debug|iPhone = Debug|iPhone
	EndGlobalSection
	GlobalSection(ProjectConfigurationPlatforms) = postSolution
		{0619B505-E939-4C1E-8DB0-65BC49795855}.Debug|iPhoneSimulator.ActiveCfg = Debug|iPhoneSimulator
		{0619B505-E939-4C1E-8DB0-65BC49795855}.Debug|iPhoneSimulator.Build.0 = Debug|iPhoneSimulator
		{0619B505-E939-4C1E-8DB0-65BC49795855}.Release|iPhone.ActiveCfg = Release|iPhone
		{0619B505-E939-4C1E-8DB0-65BC49795855}.Release|iPhone.Build.0 = Release|iPhone
		{0619B505-E939-4C1E-8DB0-65BC49795855}.Release|iPhoneSimulator.ActiveCfg = Release|iPhoneSimulator
		{0619B505-E939-4C1E-8DB0-65BC49795855}.Release|iPhoneSimulator.Build.0 = Release|iPhoneSimulator
		{0619B505-E939-4C1E-8DB0-65BC49795855}.Debug|iPhone.ActiveCfg = Debug|iPhone
		{0619B505-E939-4C1E-8DB0-65BC49795855}.Debug|iPhone.Build.0 = Debug|iPhone
	EndGlobalSection
EndGlobal
